
Microsoft Visual Studio Solution File, Format Version 12.00
# Visual Studio Version 17
VisualStudioVersion = 17.3.32929.385
MinimumVisualStudioVersion = 10.0.40219.1
Project("{FAE04EC0-301F-11D3-BF4B-00C04F79EFBC}") = "MVC_Patrial_Study_Continue", "MVC_Patrial_Study_Continue\MVC_Patrial_Study_Continue.csproj", "{67D9E9BD-7647-4E2E-B369-2FC5C79FC530}"
EndProject
Global
	GlobalSection(SolutionConfigurationPlatforms) = preSolution
		Debug|Any CPU = Debug|Any CPU
		Release|Any CPU = Release|Any CPU
	EndGlobalSection
	GlobalSection(ProjectConfigurationPlatforms) = postSolution
		{67D9E9BD-7647-4E2E-B369-2FC5C79FC530}.Debug|Any CPU.ActiveCfg = Debug|Any CPU
		{67D9E9BD-7647-4E2E-B369-2FC5C79FC530}.Debug|Any CPU.Build.0 = Debug|Any CPU
		{67D9E9BD-7647-4E2E-B369-2FC5C79FC530}.Release|Any CPU.ActiveCfg = Release|Any CPU
		{67D9E9BD-7647-4E2E-B369-2FC5C79FC530}.Release|Any CPU.Build.0 = Release|Any CPU
	EndGlobalSection
	GlobalSection(SolutionProperties) = preSolution
		HideSolutionNode = FALSE
	EndGlobalSection
	GlobalSection(ExtensibilityGlobals) = postSolution
		SolutionGuid = {8FF9F5DF-569C-423C-83FF-F93BF6DA9328}
	EndGlobalSection
EndGlobal
